
Microsoft Visual Studio Solution File, Format Version 12.00
# Visual Studio Version 17
VisualStudioVersion = 17.4.33403.182
MinimumVisualStudioVersion = 10.0.40219.1
Project("{8BC9CEB8-8B4A-11D0-8D11-00A0C91BC942}") = "Sandbox", "Sandbox\Sandbox.vcxproj", "{7BA44469-0785-4BBE-9C35-417FC6A1C13A}"
EndProject
Project("{8BC9CEB8-8B4A-11D0-8D11-00A0C91BC942}") = "Sapphire", "Sapphire\Sapphire.vcxproj", "{E994E66C-068B-48FE-A7F9-038B70CF049E}"
EndProject
Global
	GlobalSection(SolutionConfigurationPlatforms) = preSolution
		Debug|x64 = Debug|x64
		Release|x64 = Release|x64
	EndGlobalSection
	GlobalSection(ProjectConfigurationPlatforms) = postSolution
		{E994E66C-068B-48FE-A7F9-038B70CF049E}.Debug|x64.ActiveCfg = Debug|x64
		{E994E66C-068B-48FE-A7F9-038B70CF049E}.Debug|x64.Build.0 = Debug|x64
		{E994E66C-068B-48FE-A7F9-038B70CF049E}.Release|x64.ActiveCfg = Release|x64
		{E994E66C-068B-48FE-A7F9-038B70CF049E}.Release|x64.Build.0 = Release|x64
		{7BA44469-0785-4BBE-9C35-417FC6A1C13A}.Debug|x64.ActiveCfg = Debug|x64
		{7BA44469-0785-4BBE-9C35-417FC6A1C13A}.Debug|x64.Build.0 = Debug|x64
		{7BA44469-0785-4BBE-9C35-417FC6A1C13A}.Release|x64.ActiveCfg = Release|x64
		{7BA44469-0785-4BBE-9C35-417FC6A1C13A}.Release|x64.Build.0 = Release|x64
	EndGlobalSection
	GlobalSection(SolutionProperties) = preSolution
		HideSolutionNode = FALSE
	EndGlobalSection
	GlobalSection(ExtensibilityGlobals) = postSolution
		SolutionGuid = {A4110CF5-7932-49D1-A348-CA7C9710B86F}
	EndGlobalSection
EndGlobal
